
Microsoft Visual Studio Solution File, Format Version 12.00
# Visual Studio 15
VisualStudioVersion = 15.0.27428.2043
MinimumVisualStudioVersion = 10.0.40219.1
Project("{FAE04EC0-301F-11D3-BF4B-00C04F79EFBC}") = "SeriousOrganizerGui", "SeriousOrganizerGui\SeriousOrganizerGui.csproj", "{B81779C0-AF5D-4A12-BD39-5B0131A7776A}"
EndProject
Global
	GlobalSection(SolutionConfigurationPlatforms) = preSolution
		Debug|Any CPU = Debug|Any CPU
		Release|Any CPU = Release|Any CPU
	EndGlobalSection
	GlobalSection(ProjectConfigurationPlatforms) = postSolution
		{B81779C0-AF5D-4A12-BD39-5B0131A7776A}.Debug|Any CPU.ActiveCfg = Debug|Any CPU
		{B81779C0-AF5D-4A12-BD39-5B0131A7776A}.Debug|Any CPU.Build.0 = Debug|Any CPU
		{B81779C0-AF5D-4A12-BD39-5B0131A7776A}.Release|Any CPU.ActiveCfg = Release|Any CPU
		{B81779C0-AF5D-4A12-BD39-5B0131A7776A}.Release|Any CPU.Build.0 = Release|Any CPU
	EndGlobalSection
	GlobalSection(SolutionProperties) = preSolution
		HideSolutionNode = FALSE
	EndGlobalSection
	GlobalSection(ExtensibilityGlobals) = postSolution
		SolutionGuid = {67C372F2-7BFA-4527-9245-0BFE9DA93596}
	EndGlobalSection
EndGlobal
